// !$*UTF8*$!
{
	archiveVersion = 1;
	classes = {
	};
	objectVersion = 48;
	objects = {

/* Begin PBXBuildFile section */
		7005BFD3200E9C0A00A34A02 /* PDACViewController.swift in Sources */ = {isa = PBXBuildFile; fileRef = 7005BFD2200E9C0A00A34A02 /* PDACViewController.swift */; };
		7005BFD52017BF6A00A34A02 /* KLevelViewController.swift in Sources */ = {isa = PBXBuildFile; fileRef = 7005BFD42017BF6A00A34A02 /* KLevelViewController.swift */; };
		7005BFD72017C1C700A34A02 /* PInfoViewController.swift in Sources */ = {isa = PBXBuildFile; fileRef = 7005BFD62017C1C700A34A02 /* PInfoViewController.swift */; };
		7005BFD92017ED0D00A34A02 /* KneeListViewController.swift in Sources */ = {isa = PBXBuildFile; fileRef = 7005BFD82017ED0D00A34A02 /* KneeListViewController.swift */; };
		70830416200566D00015110A /* AppDelegate.swift in Sources */ = {isa = PBXBuildFile; fileRef = 70830415200566D00015110A /* AppDelegate.swift */; };
		7083041B200566D00015110A /* Main.storyboard in Resources */ = {isa = PBXBuildFile; fileRef = 70830419200566D00015110A /* Main.storyboard */; };
		7083041D200566D00015110A /* Assets.xcassets in Resources */ = {isa = PBXBuildFile; fileRef = 7083041C200566D00015110A /* Assets.xcassets */; };
		70830420200566D00015110A /* LaunchScreen.storyboard in Resources */ = {isa = PBXBuildFile; fileRef = 7083041E200566D00015110A /* LaunchScreen.storyboard */; };
/* End PBXBuildFile section */

/* Begin PBXFileReference section */
		7005BFD2200E9C0A00A34A02 /* PDACViewController.swift */ = {isa = PBXFileReference; lastKnownFileType = sourcecode.swift; path = PDACViewController.swift; sourceTree = "<group>"; };
		7005BFD42017BF6A00A34A02 /* KLevelViewController.swift */ = {isa = PBXFileReference; lastKnownFileType = sourcecode.swift; path = KLevelViewController.swift; sourceTree = "<group>"; };
		7005BFD62017C1C700A34A02 /* PInfoViewController.swift */ = {isa = PBXFileReference; lastKnownFileType = sourcecode.swift; path = PInfoViewController.swift; sourceTree = "<group>"; };
		7005BFD82017ED0D00A34A02 /* KneeListViewController.swift */ = {isa = PBXFileReference; lastKnownFileType = sourcecode.swift; path = KneeListViewController.swift; sourceTree = "<group>"; };
		70830412200566D00015110A /* ProstheticsApp.app */ = {isa = PBXFileReference; explicitFileType = wrapper.application; includeInIndex = 0; path = ProstheticsApp.app; sourceTree = BUILT_PRODUCTS_DIR; };
		70830415200566D00015110A /* AppDelegate.swift */ = {isa = PBXFileReference; lastKnownFileType = sourcecode.swift; path = AppDelegate.swift; sourceTree = "<group>"; };
		7083041A200566D00015110A /* Base */ = {isa = PBXFileReference; lastKnownFileType = file.storyboard; name = Base; path = Base.lproj/Main.storyboard; sourceTree = "<group>"; };
		7083041C200566D00015110A /* Assets.xcassets */ = {isa = PBXFileReference; lastKnownFileType = folder.assetcatalog; path = Assets.xcassets; sourceTree = "<group>"; };
		7083041F200566D00015110A /* Base */ = {isa = PBXFileReference; lastKnownFileType = file.storyboard; name = Base; path = Base.lproj/LaunchScreen.storyboard; sourceTree = "<group>"; };
		70830421200566D00015110A /* Info.plist */ = {isa = PBXFileReference; lastKnownFileType = text.plist.xml; path = Info.plist; sourceTree = "<group>"; };
/* End PBXFileReference section */

/* Begin PBXFrameworksBuildPhase section */
		7083040F200566D00015110A /* Frameworks */ = {
			isa = PBXFrameworksBuildPhase;
			buildActionMask = 2147483647;
			files = (
			);
			runOnlyForDeploymentPostprocessing = 0;
		};
/* End PBXFrameworksBuildPhase section */

/* Begin PBXGroup section */
		70830409200566CF0015110A = {
			isa = PBXGroup;
			children = (
				70830414200566D00015110A /* ProstheticsApp */,
				70830413200566D00015110A /* Products */,
			);
			sourceTree = "<group>";
		};
		70830413200566D00015110A /* Products */ = {
			isa = PBXGroup;
			children = (
				70830412200566D00015110A /* ProstheticsApp.app */,
			);
			name = Products;
			sourceTree = "<group>";
		};
		70830414200566D00015110A /* ProstheticsApp */ = {
			isa = PBXGroup;
			children = (
				70830419200566D00015110A /* Main.storyboard */,
				7005BFD2200E9C0A00A34A02 /* PDACViewController.swift */,
				7005BFD42017BF6A00A34A02 /* KLevelViewController.swift */,
				7005BFD62017C1C700A34A02 /* PInfoViewController.swift */,
				7005BFD82017ED0D00A34A02 /* KneeListViewController.swift */,
				70830421200566D00015110A /* Info.plist */,
				708304272005681B0015110A /* Supporting Files */,
			);
			path = ProstheticsApp;
			sourceTree = "<group>";
		};
		708304272005681B0015110A /* Supporting Files */ = {
			isa = PBXGroup;
			children = (
				70830415200566D00015110A /* AppDelegate.swift */,
				7083041C200566D00015110A /* Assets.xcassets */,
				7083041E200566D00015110A /* LaunchScreen.storyboard */,
			);
			path = "Supporting Files";
			sourceTree = "<group>";
		};
/* End PBXGroup section */

/* Begin PBXNativeTarget section */
		70830411200566D00015110A /* ProstheticsApp */ = {
			isa = PBXNativeTarget;
			buildConfigurationList = 70830424200566D00015110A /* Build configuration list for PBXNativeTarget "ProstheticsApp" */;
			buildPhases = (
				7083040E200566D00015110A /* Sources */,
				7083040F200566D00015110A /* Frameworks */,
				70830410200566D00015110A /* Resources */,
			);
			buildRules = (
			);
			dependencies = (
			);
			name = ProstheticsApp;
			productName = ProstheticsApp;
			productReference = 70830412200566D00015110A /* ProstheticsApp.app */;
			productType = "com.apple.product-type.application";
		};
/* End PBXNativeTarget section */

/* Begin PBXProject section */
		7083040A200566CF0015110A /* Project object */ = {
			isa = PBXProject;
			attributes = {
				LastSwiftUpdateCheck = 0920;
				LastUpgradeCheck = 0920;
				ORGANIZATIONNAME = "ST&G";
				TargetAttributes = {
					70830411200566D00015110A = {
						CreatedOnToolsVersion = 9.2;
						ProvisioningStyle = Automatic;
					};
				};
			};
			buildConfigurationList = 7083040D200566CF0015110A /* Build configuration list for PBXProject "ProstheticsApp" */;
			compatibilityVersion = "Xcode 8.0";
			developmentRegion = en;
			hasScannedForEncodings = 0;
			knownRegions = (
				en,
				Base,
			);
			mainGroup = 70830409200566CF0015110A;
			productRefGroup = 70830413200566D00015110A /* Products */;
			projectDirPath = "";
			projectRoot = "";
			targets = (
				70830411200566D00015110A /* ProstheticsApp */,
			);
		};
/* End PBXProject section */

/* Begin PBXResourcesBuildPhase section */
		70830410200566D00015110A /* Resources */ = {
			isa = PBXResourcesBuildPhase;
			buildActionMask = 2147483647;
			files = (
				70830420200566D00015110A /* LaunchScreen.storyboard in Resources */,
				7083041D200566D00015110A /* Assets.xcassets in Resources */,
				7083041B200566D00015110A /* Main.storyboard in Resources */,
			);
			runOnlyForDeploymentPostprocessing = 0;
		};
/* End PBXResourcesBuildPhase section */

/* Begin PBXSourcesBuildPhase section */
		7083040E200566D00015110A /* Sources */ = {
			isa = PBXSourcesBuildPhase;
			buildActionMask = 2147483647;
			files = (
				7005BFD3200E9C0A00A34A02 /* PDACViewController.swift in Sources */,
				7005BFD92017ED0D00A34A02 /* KneeListViewController.swift in Sources */,
				70830416200566D00015110A /* AppDelegate.swift in Sources */,
				7005BFD52017BF6A00A34A02 /* KLevelViewController.swift in Sources */,
				7005BFD72017C1C700A34A02 /* PInfoViewController.swift in Sources */,
			);
			runOnlyForDeploymentPostprocessing = 0;
		};
/* End PBXSourcesBuildPhase section */

/* Begin PBXVariantGroup section */
		70830419200566D00015110A /* Main.storyboard */ = {
			isa = PBXVariantGroup;
			children = (
				7083041A200566D00015110A /* Base */,
			);
			name = Main.storyboard;
			sourceTree = "<group>";
		};
		7083041E200566D00015110A /* LaunchScreen.storyboard */ = {
			isa = PBXVariantGroup;
			children = (
				7083041F200566D00015110A /* Base */,
			);
			name = LaunchScreen.storyboard;
			sourceTree = "<group>";
		};
/* End PBXVariantGroup section */

/* Begin XCBuildConfiguration section */
		70830422200566D00015110A /* Debug */ = {
			isa = XCBuildConfiguration;
			buildSettings = {
				ALWAYS_SEARCH_USER_PATHS = NO;
				CLANG_ANALYZER_NONNULL = YES;
				CLANG_ANALYZER_NUMBER_OBJECT_CONVERSION = YES_AGGRESSIVE;
				CLANG_CXX_LANGUAGE_STANDARD = "gnu++14";
				CLANG_CXX_LIBRARY = "libc++";
				CLANG_ENABLE_MODULES = YES;
				CLANG_ENABLE_OBJC_ARC = YES;
				CLANG_WARN_BLOCK_CAPTURE_AUTORELEASING = YES;
				CLANG_WARN_BOOL_CONVERSION = YES;
				CLANG_WARN_COMMA = YES;
				CLANG_WARN_CONSTANT_CONVERSION = YES;
				CLANG_WARN_DIRECT_OBJC_ISA_USAGE = YES_ERROR;
				CLANG_WARN_DOCUMENTATION_COMMENTS = YES;
				CLANG_WARN_EMPTY_BODY = YES;
				CLANG_WARN_ENUM_CONVERSION = YES;
				CLANG_WARN_INFINITE_RECURSION = YES;
				CLANG_WARN_INT_CONVERSION = YES;
				CLANG_WARN_NON_LITERAL_NULL_CONVERSION = YES;
				CLANG_WARN_OBJC_LITERAL_CONVERSION = YES;
				CLANG_WARN_OBJC_ROOT_CLASS = YES_ERROR;
				CLANG_WARN_RANGE_LOOP_ANALYSIS = YES;
				CLANG_WARN_STRICT_PROTOTYPES = YES;
				CLANG_WARN_SUSPICIOUS_MOVE = YES;
				CLANG_WARN_UNGUARDED_AVAILABILITY = YES_AGGRESSIVE;
				CLANG_WARN_UNREACHABLE_CODE = YES;
				CLANG_WARN__DUPLICATE_METHOD_MATCH = YES;
				CODE_SIGN_IDENTITY = "iPhone Developer";
				COPY_PHASE_STRIP = NO;
				DEBUG_INFORMATION_FORMAT = dwarf;
				ENABLE_STRICT_OBJC_MSGSEND = YES;
				ENABLE_TESTABILITY = YES;
				GCC_C_LANGUAGE_STANDARD = gnu11;
				GCC_DYNAMIC_NO_PIC = NO;
				GCC_NO_COMMON_BLOCKS = YES;
				GCC_OPTIMIZATION_LEVEL = 0;
				GCC_PREPROCESSOR_DEFINITIONS = (
					"DEBUG=1",
					"$(inherited)",
				);
				GCC_WARN_64_TO_32_BIT_CONVERSION = YES;
				GCC_WARN_ABOUT_RETURN_TYPE = YES_ERROR;
				GCC_WARN_UNDECLARED_SELECTOR = YES;
				GCC_WARN_UNINITIALIZED_AUTOS = YES_AGGRESSIVE;
				GCC_WARN_UNUSED_FUNCTION = YES;
				GCC_WARN_UNUSED_VARIABLE = YES;
				IPHONEOS_DEPLOYMENT_TARGET = 11.2;
				MTL_ENABLE_DEBUG_INFO = YES;
				ONLY_ACTIVE_ARCH = YES;
				SDKROOT = iphoneos;
				SWIFT_ACTIVE_COMPILATION_CONDITIONS = DEBUG;
				SWIFT_OPTIMIZATION_LEVEL = "-Onone";
			};
			name = Debug;
		};
		70830423200566D00015110A /* Release */ = {
			isa = XCBuildConfiguration;
			buildSettings = {
				ALWAYS_SEARCH_USER_PATHS = NO;
				CLANG_ANALYZER_NONNULL = YES;
				CLANG_ANALYZER_NUMBER_OBJECT_CONVERSION = YES_AGGRESSIVE;
				CLANG_CXX_LANGUAGE_STANDARD = "gnu++14";
				CLANG_CXX_LIBRARY = "libc++";
				CLANG_ENABLE_MODULES = YES;
				CLANG_ENABLE_OBJC_ARC = YES;
				CLANG_WARN_BLOCK_CAPTURE_AUTORELEASING = YES;
				CLANG_WARN_BOOL_CONVERSION = YES;
				CLANG_WARN_COMMA = YES;
				CLANG_WARN_CONSTANT_CONVERSION = YES;
				CLANG_WARN_DIRECT_OBJC_ISA_USAGE = YES_ERROR;
				CLANG_WARN_DOCUMENTATION_COMMENTS = YES;
				CLANG_WARN_EMPTY_BODY = YES;
				CLANG_WARN_ENUM_CONVERSION = YES;
				CLANG_WARN_INFINITE_RECURSION = YES;
				CLANG_WARN_INT_CONVERSION = YES;
				CLANG_WARN_NON_LITERAL_NULL_CONVERSION = YES;
				CLANG_WARN_OBJC_LITERAL_CONVERSION = YES;
				CLANG_WARN_OBJC_ROOT_CLASS = YES_ERROR;
				CLANG_WARN_RANGE_LOOP_ANALYSIS = YES;
				CLANG_WARN_STRICT_PROTOTYPES = YES;
				CLANG_WARN_SUSPICIOUS_MOVE = YES;
				CLANG_WARN_UNGUARDED_AVAILABILITY = YES_AGGRESSIVE;
				CLANG_WARN_UNREACHABLE_CODE = YES;
				CLANG_WARN__DUPLICATE_METHOD_MATCH = YES;
				CODE_SIGN_IDENTITY = "iPhone Developer";
				COPY_PHASE_STRIP = NO;
				DEBUG_INFORMATION_FORMAT = "dwarf-with-dsym";
				ENABLE_NS_ASSERTIONS = NO;
				ENABLE_STRICT_OBJC_MSGSEND = YES;
				GCC_C_LANGUAGE_STANDARD = gnu11;
				GCC_NO_COMMON_BLOCKS = YES;
				GCC_WARN_64_TO_32_BIT_CONVERSION = YES;
				GCC_WARN_ABOUT_RETURN_TYPE = YES_ERROR;
				GCC_WARN_UNDECLARED_SELECTOR = YES;
				GCC_WARN_UNINITIALIZED_AUTOS = YES_AGGRESSIVE;
				GCC_WARN_UNUSED_FUNCTION = YES;
				GCC_WARN_UNUSED_VARIABLE = YES;
				IPHONEOS_DEPLOYMENT_TARGET = 11.2;
				MTL_ENABLE_DEBUG_INFO = NO;
				SDKROOT = iphoneos;
				SWIFT_OPTIMIZATION_LEVEL = "-Owholemodule";
				VALIDATE_PRODUCT = YES;
			};
			name = Release;
		};
		70830425200566D00015110A /* Debug */ = {
			isa = XCBuildConfiguration;
			buildSettings = {
				ASSETCATALOG_COMPILER_APPICON_NAME = AppIcon;
				CODE_SIGN_STYLE = Automatic;
				INFOPLIST_FILE = ProstheticsApp/Info.plist;
				LD_RUNPATH_SEARCH_PATHS = "$(inherited) @executable_path/Frameworks";
				PRODUCT_BUNDLE_IDENTIFIER = STG.ProstheticsApp;
				PRODUCT_NAME = "$(TARGET_NAME)";
				SWIFT_VERSION = 4.0;
				TARGETED_DEVICE_FAMILY = "1,2";
			};
			name = Debug;
		};
		70830426200566D00015110A /* Release */ = {
			isa = XCBuildConfiguration;
			buildSettings = {
				ASSETCATALOG_COMPILER_APPICON_NAME = AppIcon;
				CODE_SIGN_STYLE = Automatic;
				INFOPLIST_FILE = ProstheticsApp/Info.plist;
				LD_RUNPATH_SEARCH_PATHS = "$(inherited) @executable_path/Frameworks";
				PRODUCT_BUNDLE_IDENTIFIER = STG.ProstheticsApp;
				PRODUCT_NAME = "$(TARGET_NAME)";
				SWIFT_VERSION = 4.0;
				TARGETED_DEVICE_FAMILY = "1,2";
			};
			name = Release;
		};
/* End XCBuildConfiguration section */

/* Begin XCConfigurationList section */
		7083040D200566CF0015110A /* Build configuration list for PBXProject "ProstheticsApp" */ = {
			isa = XCConfigurationList;
			buildConfigurations = (
				70830422200566D00015110A /* Debug */,
				70830423200566D00015110A /* Release */,
			);
			defaultConfigurationIsVisible = 0;
			defaultConfigurationName = Release;
		};
		70830424200566D00015110A /* Build configuration list for PBXNativeTarget "ProstheticsApp" */ = {
			isa = XCConfigurationList;
			buildConfigurations = (
				70830425200566D00015110A /* Debug */,
				70830426200566D00015110A /* Release */,
			);
			defaultConfigurationIsVisible = 0;
			defaultConfigurationName = Release;
		};
/* End XCConfigurationList section */
	};
	rootObject = 7083040A200566CF0015110A /* Project object */;
}
